// !$*UTF8*$!
{
	archiveVersion = 1;
	classes = {
	};
	objectVersion = 77;
	objects = {

/* Begin PBXContainerItemProxy section */
		D48A537A2F7609D900B11317 /* PBXContainerItemProxy */ = {
			isa = PBXContainerItemProxy;
			containerPortal = D48A53642F7609D800B11317 /* Project object */;
			proxyType = 1;
			remoteGlobalIDString = D48A536B2F7609D800B11317;
			remoteInfo = Tantrika;
		};
		D48A53842F7609D900B11317 /* PBXContainerItemProxy */ = {
			isa = PBXContainerItemProxy;
			containerPortal = D48A53642F7609D800B11317 /* Project object */;
			proxyType = 1;
			remoteGlobalIDString = D48A536B2F7609D800B11317;
			remoteInfo = Tantrika;
		};
/* End PBXContainerItemProxy section */

/* Begin PBXFileReference section */
		D48A536C2F7609D800B11317 /* Tantrika.app */ = {isa = PBXFileReference; explicitFileType = wrapper.application; includeInIndex = 0; path = Tantrika.app; sourceTree = BUILT_PRODUCTS_DIR; };
		D48A53792F7609D900B11317 /* TantrikaTests.xctest */ = {isa = PBXFileReference; explicitFileType = wrapper.cfbundle; includeInIndex = 0; path = TantrikaTests.xctest; sourceTree = BUILT_PRODUCTS_DIR; };
		D48A53832F7609D900B11317 /* TantrikaUITests.xctest */ = {isa = PBXFileReference; explicitFileType = wrapper.cfbundle; includeInIndex = 0; path = TantrikaUITests.xctest; sourceTree = BUILT_PRODUCTS_DIR; };
/* End PBXFileReference section */

/* Begin PBXFileSystemSynchronizedRootGroup section */
		D48A536E2F7609D800B11317 /* Tantrika */ = {
			isa = PBXFileSystemSynchronizedRootGroup;
			path = Tantrika;
			sourceTree = "<group>";
		};
		D48A537C2F7609D900B11317 /* TantrikaTests */ = {
			isa = PBXFileSystemSynchronizedRootGroup;
			path = TantrikaTests;
			sourceTree = "<group>";
		};
		D48A53862F7609D900B11317 /* TantrikaUITests */ = {
			isa = PBXFileSystemSynchronizedRootGroup;
			path = TantrikaUITests;
			sourceTree = "<group>";
		};
/* End PBXFileSystemSynchronizedRootGroup section */

/* Begin PBXFrameworksBuildPhase section */
		D48A53692F7609D800B11317 /* Frameworks */ = {
			isa = PBXFrameworksBuildPhase;
			buildActionMask = 2147483647;
			files = (
			);
			runOnlyForDeploymentPostprocessing = 0;
		};
		D48A53762F7609D900B11317 /* Frameworks */ = {
			isa = PBXFrameworksBuildPhase;
			buildActionMask = 2147483647;
			files = (
			);
			runOnlyForDeploymentPostprocessing = 0;
		};
		D48A53802F7609D900B11317 /* Frameworks */ = {
			isa = PBXFrameworksBuildPhase;
			buildActionMask = 2147483647;
			files = (
			);
			runOnlyForDeploymentPostprocessing = 0;
		};
/* End PBXFrameworksBuildPhase section */

/* Begin PBXGroup section */
		D48A53632F7609D800B11317 = {
			isa = PBXGroup;
			children = (
				D48A536E2F7609D800B11317 /* Tantrika */,
				D48A537C2F7609D900B11317 /* TantrikaTests */,
				D48A53862F7609D900B11317 /* TantrikaUITests */,
				D48A536D2F7609D800B11317 /* Products */,
			);
			sourceTree = "<group>";
		};
		D48A536D2F7609D800B11317 /* Products */ = {
			isa = PBXGroup;
			children = (
				D48A536C2F7609D800B11317 /* Tantrika.app */,
				D48A53792F7609D900B11317 /* TantrikaTests.xctest */,
				D48A53832F7609D900B11317 /* TantrikaUITests.xctest */,
			);
			name = Products;
			sourceTree = "<group>";
		};
/* End PBXGroup section */

/* Begin PBXNativeTarget section */
		D48A536B2F7609D800B11317 /* Tantrika */ = {
			isa = PBXNativeTarget;
			buildConfigurationList = D48A538D2F7609D900B11317 /* Build configuration list for PBXNativeTarget "Tantrika" */;
			buildPhases = (
				D48A53682F7609D800B11317 /* Sources */,
				D48A53692F7609D800B11317 /* Frameworks */,
				D48A536A2F7609D800B11317 /* Resources */,
			);
			buildRules = (
			);
			dependencies = (
			);
			fileSystemSynchronizedGroups = (
				D48A536E2F7609D800B11317 /* Tantrika */,
			);
			name = Tantrika;
			packageProductDependencies = (
			);
			productName = Tantrika;
			productReference = D48A536C2F7609D800B11317 /* Tantrika.app */;
			productType = "com.apple.product-type.application";
		};
		D48A53782F7609D900B11317 /* TantrikaTests */ = {
			isa = PBXNativeTarget;
			buildConfigurationList = D48A53902F7609D900B11317 /* Build configuration list for PBXNativeTarget "TantrikaTests" */;
			buildPhases = (
				D48A53752F7609D900B11317 /* Sources */,
				D48A53762F7609D900B11317 /* Frameworks */,
				D48A53772F7609D900B11317 /* Resources */,
			);
			buildRules = (
			);
			dependencies = (
				D48A537B2F7609D900B11317 /* PBXTargetDependency */,
			);
			fileSystemSynchronizedGroups = (
				D48A537C2F7609D900B11317 /* TantrikaTests */,
			);
			name = TantrikaTests;
			packageProductDependencies = (
			);
			productName = TantrikaTests;
			productReference = D48A53792F7609D900B11317 /* TantrikaTests.xctest */;
			productType = "com.apple.product-type.bundle.unit-test";
		};
		D48A53822F7609D900B11317 /* TantrikaUITests */ = {
			isa = PBXNativeTarget;
			buildConfigurationList = D48A53932F7609D900B11317 /* Build configuration list for PBXNativeTarget "TantrikaUITests" */;
			buildPhases = (
				D48A537F2F7609D900B11317 /* Sources */,
				D48A53802F7609D900B11317 /* Frameworks */,
				D48A53812F7609D900B11317 /* Resources */,
			);
			buildRules = (
			);
			dependencies = (
				D48A53852F7609D900B11317 /* PBXTargetDependency */,
			);
			fileSystemSynchronizedGroups = (
				D48A53862F7609D900B11317 /* TantrikaUITests */,
			);
			name = TantrikaUITests;
			packageProductDependencies = (
			);
			productName = TantrikaUITests;
			productReference = D48A53832F7609D900B11317 /* TantrikaUITests.xctest */;
			productType = "com.apple.product-type.bundle.ui-testing";
		};
/* End PBXNativeTarget section */

/* Begin PBXProject section */
		D48A53642F7609D800B11317 /* Project object */ = {
			isa = PBXProject;
			attributes = {
				BuildIndependentTargetsInParallel = 1;
				LastSwiftUpdateCheck = 2640;
				LastUpgradeCheck = 2640;
				TargetAttributes = {
					D48A536B2F7609D800B11317 = {
						CreatedOnToolsVersion = 26.4;
					};
					D48A53782F7609D900B11317 = {
						CreatedOnToolsVersion = 26.4;
						TestTargetID = D48A536B2F7609D800B11317;
					};
					D48A53822F7609D900B11317 = {
						CreatedOnToolsVersion = 26.4;
						TestTargetID = D48A536B2F7609D800B11317;
					};
				};
			};
			buildConfigurationList = D48A53672F7609D800B11317 /* Build configuration list for PBXProject "Tantrika" */;
			developmentRegion = en;
			hasScannedForEncodings = 0;
			knownRegions = (
				en,
				Base,
			);
			mainGroup = D48A53632F7609D800B11317;
			minimizedProjectReferenceProxies = 1;
			preferredProjectObjectVersion = 77;
			productRefGroup = D48A536D2F7609D800B11317 /* Products */;
			projectDirPath = "";
			projectRoot = "";
			targets = (
				D48A536B2F7609D800B11317 /* Tantrika */,
				D48A53782F7609D900B11317 /* TantrikaTests */,
				D48A53822F7609D900B11317 /* TantrikaUITests */,
			);
		};
/* End PBXProject section */

/* Begin PBXResourcesBuildPhase section */
		D48A536A2F7609D800B11317 /* Resources */ = {
			isa = PBXResourcesBuildPhase;
			buildActionMask = 2147483647;
			files = (
			);
			runOnlyForDeploymentPostprocessing = 0;
		};
		D48A53772F7609D900B11317 /* Resources */ = {
			isa = PBXResourcesBuildPhase;
			buildActionMask = 2147483647;
			files = (
			);
			runOnlyForDeploymentPostprocessing = 0;
		};
		D48A53812F7609D900B11317 /* Resources */ = {
			isa = PBXResourcesBuildPhase;
			buildActionMask = 2147483647;
			files = (
			);
			runOnlyForDeploymentPostprocessing = 0;
		};
/* End PBXResourcesBuildPhase section */

/* Begin PBXSourcesBuildPhase section */
		D48A53682F7609D800B11317 /* Sources */ = {
			isa = PBXSourcesBuildPhase;
			buildActionMask = 2147483647;
			files = (
			);
			runOnlyForDeploymentPostprocessing = 0;
		};
		D48A53752F7609D900B11317 /* Sources */ = {
			isa = PBXSourcesBuildPhase;
			buildActionMask = 2147483647;
			files = (
			);
			runOnlyForDeploymentPostprocessing = 0;
		};
		D48A537F2F7609D900B11317 /* Sources */ = {
			isa = PBXSourcesBuildPhase;
			buildActionMask = 2147483647;
			files = (
			);
			runOnlyForDeploymentPostprocessing = 0;
		};
/* End PBXSourcesBuildPhase section */

/* Begin PBXTargetDependency section */
		D48A537B2F7609D900B11317 /* PBXTargetDependency */ = {
			isa = PBXTargetDependency;
			target = D48A536B2F7609D800B11317 /* Tantrika */;
			targetProxy = D48A537A2F7609D900B11317 /* PBXContainerItemProxy */;
		};
		D48A53852F7609D900B11317 /* PBXTargetDependency */ = {
			isa = PBXTargetDependency;
			target = D48A536B2F7609D800B11317 /* Tantrika */;
			targetProxy = D48A53842F7609D900B11317 /* PBXContainerItemProxy */;
		};
/* End PBXTargetDependency section */

/* Begin XCBuildConfiguration section */
		D48A538B2F7609D900B11317 /* Debug */ = {
			isa = XCBuildConfiguration;
			buildSettings = {
				ALWAYS_SEARCH_USER_PATHS = NO;
				ASSETCATALOG_COMPILER_GENERATE_SWIFT_ASSET_SYMBOL_EXTENSIONS = YES;
				CLANG_ANALYZER_NONNULL = YES;
				CLANG_ANALYZER_NUMBER_OBJECT_CONVERSION = YES_AGGRESSIVE;
				CLANG_CXX_LANGUAGE_STANDARD = "gnu++20";
				CLANG_ENABLE_MODULES = YES;
				CLANG_ENABLE_OBJC_ARC = YES;
				CLANG_ENABLE_OBJC_WEAK = YES;
				CLANG_WARN_BLOCK_CAPTURE_AUTORELEASING = YES;
				CLANG_WARN_BOOL_CONVERSION = YES;
				CLANG_WARN_COMMA = YES;
				CLANG_WARN_CONSTANT_CONVERSION = YES;
				CLANG_WARN_DEPRECATED_OBJC_IMPLEMENTATIONS = YES;
				CLANG_WARN_DIRECT_OBJC_ISA_USAGE = YES_ERROR;
				CLANG_WARN_DOCUMENTATION_COMMENTS = YES;
				CLANG_WARN_EMPTY_BODY = YES;
				CLANG_WARN_ENUM_CONVERSION = YES;
				CLANG_WARN_INFINITE_RECURSION = YES;
				CLANG_WARN_INT_CONVERSION = YES;
				CLANG_WARN_NON_LITERAL_NULL_CONVERSION = YES;
				CLANG_WARN_OBJC_IMPLICIT_RETAIN_SELF = YES;
				CLANG_WARN_OBJC_LITERAL_CONVERSION = YES;
				CLANG_WARN_OBJC_ROOT_CLASS = YES_ERROR;
				CLANG_WARN_QUOTED_INCLUDE_IN_FRAMEWORK_HEADER = YES;
				CLANG_WARN_RANGE_LOOP_ANALYSIS = YES;
				CLANG_WARN_STRICT_PROTOTYPES = YES;
				CLANG_WARN_SUSPICIOUS_MOVE = YES;
				CLANG_WARN_UNGUARDED_AVAILABILITY = YES_AGGRESSIVE;
				CLANG_WARN_UNREACHABLE_CODE = YES;
				CLANG_WARN__DUPLICATE_METHOD_MATCH = YES;
				COPY_PHASE_STRIP = NO;
				DEBUG_INFORMATION_FORMAT = dwarf;
				DEVELOPMENT_TEAM = 97XBW2A43H;
				ENABLE_STRICT_OBJC_MSGSEND = YES;
				ENABLE_TESTABILITY = YES;
				ENABLE_USER_SCRIPT_SANDBOXING = YES;
				GCC_C_LANGUAGE_STANDARD = gnu17;
				GCC_DYNAMIC_NO_PIC = NO;
				GCC_NO_COMMON_BLOCKS = YES;
				GCC_OPTIMIZATION_LEVEL = 0;
				GCC_PREPROCESSOR_DEFINITIONS = (
					"DEBUG=1",
					"$(inherited)",
				);
				GCC_WARN_64_TO_32_BIT_CONVERSION = YES;
				GCC_WARN_ABOUT_RETURN_TYPE = YES_ERROR;
				GCC_WARN_UNDECLARED_SELECTOR = YES;
				GCC_WARN_UNINITIALIZED_AUTOS = YES_AGGRESSIVE;
				GCC_WARN_UNUSED_FUNCTION = YES;
				GCC_WARN_UNUSED_VARIABLE = YES;
				IPHONEOS_DEPLOYMENT_TARGET = 26.4;
				LOCALIZATION_PREFERS_STRING_CATALOGS = YES;
				MTL_ENABLE_DEBUG_INFO = INCLUDE_SOURCE;
				MTL_FAST_MATH = YES;
				ONLY_ACTIVE_ARCH = YES;
				SDKROOT = iphoneos;
				SWIFT_ACTIVE_COMPILATION_CONDITIONS = "DEBUG $(inherited)";
				SWIFT_OPTIMIZATION_LEVEL = "-Onone";
			};
			name = Debug;
		};
		D48A538C2F7609D900B11317 /* Release */ = {
			isa = XCBuildConfiguration;
			buildSettings = {
				ALWAYS_SEARCH_USER_PATHS = NO;
				ASSETCATALOG_COMPILER_GENERATE_SWIFT_ASSET_SYMBOL_EXTENSIONS = YES;
				CLANG_ANALYZER_NONNULL = YES;
				CLANG_ANALYZER_NUMBER_OBJECT_CONVERSION = YES_AGGRESSIVE;
				CLANG_CXX_LANGUAGE_STANDARD = "gnu++20";
				CLANG_ENABLE_MODULES = YES;
				CLANG_ENABLE_OBJC_ARC = YES;
				CLANG_ENABLE_OBJC_WEAK = YES;
				CLANG_WARN_BLOCK_CAPTURE_AUTORELEASING = YES;
				CLANG_WARN_BOOL_CONVERSION = YES;
				CLANG_WARN_COMMA = YES;
				CLANG_WARN_CONSTANT_CONVERSION = YES;
				CLANG_WARN_DEPRECATED_OBJC_IMPLEMENTATIONS = YES;
				CLANG_WARN_DIRECT_OBJC_ISA_USAGE = YES_ERROR;
				CLANG_WARN_DOCUMENTATION_COMMENTS = YES;
				CLANG_WARN_EMPTY_BODY = YES;
				CLANG_WARN_ENUM_CONVERSION = YES;
				CLANG_WARN_INFINITE_RECURSION = YES;
				CLANG_WARN_INT_CONVERSION = YES;
				CLANG_WARN_NON_LITERAL_NULL_CONVERSION = YES;
				CLANG_WARN_OBJC_IMPLICIT_RETAIN_SELF = YES;
				CLANG_WARN_OBJC_LITERAL_CONVERSION = YES;
				CLANG_WARN_OBJC_ROOT_CLASS = YES_ERROR;
				CLANG_WARN_QUOTED_INCLUDE_IN_FRAMEWORK_HEADER = YES;
				CLANG_WARN_RANGE_LOOP_ANALYSIS = YES;
				CLANG_WARN_STRICT_PROTOTYPES = YES;
				CLANG_WARN_SUSPICIOUS_MOVE = YES;
				CLANG_WARN_UNGUARDED_AVAILABILITY = YES_AGGRESSIVE;
				CLANG_WARN_UNREACHABLE_CODE = YES;
				CLANG_WARN__DUPLICATE_METHOD_MATCH = YES;
				COPY_PHASE_STRIP = NO;
				DEBUG_INFORMATION_FORMAT = "dwarf-with-dsym";
				DEVELOPMENT_TEAM = 97XBW2A43H;
				ENABLE_NS_ASSERTIONS = NO;
				ENABLE_STRICT_OBJC_MSGSEND = YES;
				ENABLE_USER_SCRIPT_SANDBOXING = YES;
				GCC_C_LANGUAGE_STANDARD = gnu17;
				GCC_NO_COMMON_BLOCKS = YES;
				GCC_WARN_64_TO_32_BIT_CONVERSION = YES;
				GCC_WARN_ABOUT_RETURN_TYPE = YES_ERROR;
				GCC_WARN_UNDECLARED_SELECTOR = YES;
				GCC_WARN_UNINITIALIZED_AUTOS = YES_AGGRESSIVE;
				GCC_WARN_UNUSED_FUNCTION = YES;
				GCC_WARN_UNUSED_VARIABLE = YES;
				IPHONEOS_DEPLOYMENT_TARGET = 26.4;
				LOCALIZATION_PREFERS_STRING_CATALOGS = YES;
				MTL_ENABLE_DEBUG_INFO = NO;
				MTL_FAST_MATH = YES;
				SDKROOT = iphoneos;
				SWIFT_COMPILATION_MODE = wholemodule;
				VALIDATE_PRODUCT = YES;
			};
			name = Release;
		};
		D48A538E2F7609D900B11317 /* Debug */ = {
			isa = XCBuildConfiguration;
			buildSettings = {
				ASSETCATALOG_COMPILER_APPICON_NAME = AppIcon;
				ASSETCATALOG_COMPILER_GLOBAL_ACCENT_COLOR_NAME = AccentColor;
				CODE_SIGN_STYLE = Automatic;
				CURRENT_PROJECT_VERSION = 1;
				DEVELOPMENT_TEAM = 97XBW2A43H;
				ENABLE_PREVIEWS = YES;
				GENERATE_INFOPLIST_FILE = YES;
				INFOPLIST_KEY_SUPABASE_URL = "https://oxjqrdjywuxkmnsvvsuh.supabase.co";
				INFOPLIST_KEY_SUPABASE_ANON_KEY = "eyJhbGciOiJIUzI1NiIsInR5cCI6IkpXVCJ9.eyJpc3MiOiJzdXBhYmFzZSIsInJlZiI6Im94anFyZGp5d3V4a21uc3Z2c3VoIiwicm9sZSI6ImFub24iLCJpYXQiOjE3NzQ1ODI1MjcsImV4cCI6MjA5MDE1ODUyN30.J61REb7LkcWUjijYMGtGFkZzipEy6sGWgSgt9sDpu-o";
				INFOPLIST_KEY_REVENUECAT_API_KEY = "";
				INFOPLIST_KEY_UIApplicationSceneManifest_Generation = YES;
				INFOPLIST_KEY_UIApplicationSupportsIndirectInputEvents = YES;
				INFOPLIST_KEY_UILaunchScreen_Generation = YES;
				INFOPLIST_KEY_UISupportedInterfaceOrientations_iPad = "UIInterfaceOrientationPortrait UIInterfaceOrientationPortraitUpsideDown UIInterfaceOrientationLandscapeLeft UIInterfaceOrientationLandscapeRight";
				INFOPLIST_KEY_UISupportedInterfaceOrientations_iPhone = "UIInterfaceOrientationPortrait UIInterfaceOrientationLandscapeLeft UIInterfaceOrientationLandscapeRight";
				LD_RUNPATH_SEARCH_PATHS = (
					"$(inherited)",
					"@executable_path/Frameworks",
				);
				MARKETING_VERSION = 1.0;
				PRODUCT_BUNDLE_IDENTIFIER = com.wangjianshuo.cathier.Tantrika;
				PRODUCT_NAME = "$(TARGET_NAME)";
				STRING_CATALOG_GENERATE_SYMBOLS = YES;
				SWIFT_APPROACHABLE_CONCURRENCY = YES;
				SWIFT_DEFAULT_ACTOR_ISOLATION = MainActor;
				SWIFT_EMIT_LOC_STRINGS = YES;
				SWIFT_UPCOMING_FEATURE_MEMBER_IMPORT_VISIBILITY = YES;
				SWIFT_VERSION = 5.0;
				TARGETED_DEVICE_FAMILY = "1,2";
			};
			name = Debug;
		};
		D48A538F2F7609D900B11317 /* Release */ = {
			isa = XCBuildConfiguration;
			buildSettings = {
				ASSETCATALOG_COMPILER_APPICON_NAME = AppIcon;
				ASSETCATALOG_COMPILER_GLOBAL_ACCENT_COLOR_NAME = AccentColor;
				CODE_SIGN_STYLE = Automatic;
				CURRENT_PROJECT_VERSION = 1;
				DEVELOPMENT_TEAM = 97XBW2A43H;
				ENABLE_PREVIEWS = YES;
				GENERATE_INFOPLIST_FILE = YES;
				INFOPLIST_KEY_SUPABASE_URL = "https://oxjqrdjywuxkmnsvvsuh.supabase.co";
				INFOPLIST_KEY_SUPABASE_ANON_KEY = "eyJhbGciOiJIUzI1NiIsInR5cCI6IkpXVCJ9.eyJpc3MiOiJzdXBhYmFzZSIsInJlZiI6Im94anFyZGp5d3V4a21uc3Z2c3VoIiwicm9sZSI6ImFub24iLCJpYXQiOjE3NzQ1ODI1MjcsImV4cCI6MjA5MDE1ODUyN30.J61REb7LkcWUjijYMGtGFkZzipEy6sGWgSgt9sDpu-o";
				INFOPLIST_KEY_REVENUECAT_API_KEY = "";
				INFOPLIST_KEY_UIApplicationSceneManifest_Generation = YES;
				INFOPLIST_KEY_UIApplicationSupportsIndirectInputEvents = YES;
				INFOPLIST_KEY_UILaunchScreen_Generation = YES;
				INFOPLIST_KEY_UISupportedInterfaceOrientations_iPad = "UIInterfaceOrientationPortrait UIInterfaceOrientationPortraitUpsideDown UIInterfaceOrientationLandscapeLeft UIInterfaceOrientationLandscapeRight";
				INFOPLIST_KEY_UISupportedInterfaceOrientations_iPhone = "UIInterfaceOrientationPortrait UIInterfaceOrientationLandscapeLeft UIInterfaceOrientationLandscapeRight";
				LD_RUNPATH_SEARCH_PATHS = (
					"$(inherited)",
					"@executable_path/Frameworks",
				);
				MARKETING_VERSION = 1.0;
				PRODUCT_BUNDLE_IDENTIFIER = com.wangjianshuo.cathier.Tantrika;
				PRODUCT_NAME = "$(TARGET_NAME)";
				STRING_CATALOG_GENERATE_SYMBOLS = YES;
				SWIFT_APPROACHABLE_CONCURRENCY = YES;
				SWIFT_DEFAULT_ACTOR_ISOLATION = MainActor;
				SWIFT_EMIT_LOC_STRINGS = YES;
				SWIFT_UPCOMING_FEATURE_MEMBER_IMPORT_VISIBILITY = YES;
				SWIFT_VERSION = 5.0;
				TARGETED_DEVICE_FAMILY = "1,2";
			};
			name = Release;
		};
		D48A53912F7609D900B11317 /* Debug */ = {
			isa = XCBuildConfiguration;
			buildSettings = {
				BUNDLE_LOADER = "$(TEST_HOST)";
				CODE_SIGN_STYLE = Automatic;
				CURRENT_PROJECT_VERSION = 1;
				DEVELOPMENT_TEAM = 97XBW2A43H;
				GENERATE_INFOPLIST_FILE = YES;
				IPHONEOS_DEPLOYMENT_TARGET = 26.4;
				MARKETING_VERSION = 1.0;
				PRODUCT_BUNDLE_IDENTIFIER = com.wangjianshuo.cathier.TantrikaTests;
				PRODUCT_NAME = "$(TARGET_NAME)";
				STRING_CATALOG_GENERATE_SYMBOLS = NO;
				SWIFT_APPROACHABLE_CONCURRENCY = YES;
				SWIFT_EMIT_LOC_STRINGS = NO;
				SWIFT_UPCOMING_FEATURE_MEMBER_IMPORT_VISIBILITY = YES;
				SWIFT_VERSION = 5.0;
				TARGETED_DEVICE_FAMILY = "1,2";
				TEST_HOST = "$(BUILT_PRODUCTS_DIR)/Tantrika.app/$(BUNDLE_EXECUTABLE_FOLDER_PATH)/Tantrika";
			};
			name = Debug;
		};
		D48A53922F7609D900B11317 /* Release */ = {
			isa = XCBuildConfiguration;
			buildSettings = {
				BUNDLE_LOADER = "$(TEST_HOST)";
				CODE_SIGN_STYLE = Automatic;
				CURRENT_PROJECT_VERSION = 1;
				DEVELOPMENT_TEAM = 97XBW2A43H;
				GENERATE_INFOPLIST_FILE = YES;
				IPHONEOS_DEPLOYMENT_TARGET = 26.4;
				MARKETING_VERSION = 1.0;
				PRODUCT_BUNDLE_IDENTIFIER = com.wangjianshuo.cathier.TantrikaTests;
				PRODUCT_NAME = "$(TARGET_NAME)";
				STRING_CATALOG_GENERATE_SYMBOLS = NO;
				SWIFT_APPROACHABLE_CONCURRENCY = YES;
				SWIFT_EMIT_LOC_STRINGS = NO;
				SWIFT_UPCOMING_FEATURE_MEMBER_IMPORT_VISIBILITY = YES;
				SWIFT_VERSION = 5.0;
				TARGETED_DEVICE_FAMILY = "1,2";
				TEST_HOST = "$(BUILT_PRODUCTS_DIR)/Tantrika.app/$(BUNDLE_EXECUTABLE_FOLDER_PATH)/Tantrika";
			};
			name = Release;
		};
		D48A53942F7609D900B11317 /* Debug */ = {
			isa = XCBuildConfiguration;
			buildSettings = {
				CODE_SIGN_STYLE = Automatic;
				CURRENT_PROJECT_VERSION = 1;
				DEVELOPMENT_TEAM = 97XBW2A43H;
				GENERATE_INFOPLIST_FILE = YES;
				MARKETING_VERSION = 1.0;
				PRODUCT_BUNDLE_IDENTIFIER = com.wangjianshuo.cathier.TantrikaUITests;
				PRODUCT_NAME = "$(TARGET_NAME)";
				STRING_CATALOG_GENERATE_SYMBOLS = NO;
				SWIFT_APPROACHABLE_CONCURRENCY = YES;
				SWIFT_EMIT_LOC_STRINGS = NO;
				SWIFT_UPCOMING_FEATURE_MEMBER_IMPORT_VISIBILITY = YES;
				SWIFT_VERSION = 5.0;
				TARGETED_DEVICE_FAMILY = "1,2";
				TEST_TARGET_NAME = Tantrika;
			};
			name = Debug;
		};
		D48A53952F7609D900B11317 /* Release */ = {
			isa = XCBuildConfiguration;
			buildSettings = {
				CODE_SIGN_STYLE = Automatic;
				CURRENT_PROJECT_VERSION = 1;
				DEVELOPMENT_TEAM = 97XBW2A43H;
				GENERATE_INFOPLIST_FILE = YES;
				MARKETING_VERSION = 1.0;
				PRODUCT_BUNDLE_IDENTIFIER = com.wangjianshuo.cathier.TantrikaUITests;
				PRODUCT_NAME = "$(TARGET_NAME)";
				STRING_CATALOG_GENERATE_SYMBOLS = NO;
				SWIFT_APPROACHABLE_CONCURRENCY = YES;
				SWIFT_EMIT_LOC_STRINGS = NO;
				SWIFT_UPCOMING_FEATURE_MEMBER_IMPORT_VISIBILITY = YES;
				SWIFT_VERSION = 5.0;
				TARGETED_DEVICE_FAMILY = "1,2";
				TEST_TARGET_NAME = Tantrika;
			};
			name = Release;
		};
/* End XCBuildConfiguration section */

/* Begin XCConfigurationList section */
		D48A53672F7609D800B11317 /* Build configuration list for PBXProject "Tantrika" */ = {
			isa = XCConfigurationList;
			buildConfigurations = (
				D48A538B2F7609D900B11317 /* Debug */,
				D48A538C2F7609D900B11317 /* Release */,
			);
			defaultConfigurationIsVisible = 0;
			defaultConfigurationName = Release;
		};
		D48A538D2F7609D900B11317 /* Build configuration list for PBXNativeTarget "Tantrika" */ = {
			isa = XCConfigurationList;
			buildConfigurations = (
				D48A538E2F7609D900B11317 /* Debug */,
				D48A538F2F7609D900B11317 /* Release */,
			);
			defaultConfigurationIsVisible = 0;
			defaultConfigurationName = Release;
		};
		D48A53902F7609D900B11317 /* Build configuration list for PBXNativeTarget "TantrikaTests" */ = {
			isa = XCConfigurationList;
			buildConfigurations = (
				D48A53912F7609D900B11317 /* Debug */,
				D48A53922F7609D900B11317 /* Release */,
			);
			defaultConfigurationIsVisible = 0;
			defaultConfigurationName = Release;
		};
		D48A53932F7609D900B11317 /* Build configuration list for PBXNativeTarget "TantrikaUITests" */ = {
			isa = XCConfigurationList;
			buildConfigurations = (
				D48A53942F7609D900B11317 /* Debug */,
				D48A53952F7609D900B11317 /* Release */,
			);
			defaultConfigurationIsVisible = 0;
			defaultConfigurationName = Release;
		};
/* End XCConfigurationList section */
	};
	rootObject = D48A53642F7609D800B11317 /* Project object */;
}
